github.com/oklog/ulid/v2 v2.1.1 h1:suPZ4ARWLOJLegGFiZZ1dFAkqzhMjL3J1TzI+5wHz8s=
github.com/oklog/ulid/v2 v2.1.1/go.mod h1:rcEKHmBBKfef9DhnvX7y1HZBYxjXb0cP5ExxNsTT1QQ=
github.com/pborman/getopt v0.0.0-20170112200414-7148bc3a4c30/go.mod h1:85jBQOZwpVEaDAr341tbn15RS4fCAsIst0qp7i8ex1o=
github.com/tmaxmax/go-sse v0.11.0 h1:nogmJM6rJUoOLoAwEKeQe5XlVpt9l7N82SS1jI7lWFg=
github.com/tmaxmax/go-sse v0.11.0/go.mod h1:u/2kZQR1tyngo1lKaNCj1mJmhXGZWS1Zs5yiSOD+Eg8=
